
Microsoft Visual Studio Solution File, Format Version 12.00
# Visual Studio Version 16
VisualStudioVersion = 16.0.30503.244
MinimumVisualStudioVersion = 10.0.40219.1
Project("{FAE04EC0-301F-11D3-BF4B-00C04F79EFBC}") = "ETESECH", "ETESECH\ETESECH.csproj", "{BF806172-7C71-4DAB-9681-BB8A7163086B}"
EndProject
Global
	GlobalSection(SolutionConfigurationPlatforms) = preSolution
		Debug|Any CPU = Debug|Any CPU
		Release|Any CPU = Release|Any CPU
	EndGlobalSection
	GlobalSection(ProjectConfigurationPlatforms) = postSolution
		{BF806172-7C71-4DAB-9681-BB8A7163086B}.Debug|Any CPU.ActiveCfg = Debug|Any CPU
		{BF806172-7C71-4DAB-9681-BB8A7163086B}.Debug|Any CPU.Build.0 = Debug|Any CPU
		{BF806172-7C71-4DAB-9681-BB8A7163086B}.Release|Any CPU.ActiveCfg = Release|Any CPU
		{BF806172-7C71-4DAB-9681-BB8A7163086B}.Release|Any CPU.Build.0 = Release|Any CPU
	EndGlobalSection
	GlobalSection(SolutionProperties) = preSolution
		HideSolutionNode = FALSE
	EndGlobalSection
	GlobalSection(ExtensibilityGlobals) = postSolution
		SolutionGuid = {A5A1DD3F-B0FA-4417-AB8A-AB8A55004FD7}
	EndGlobalSection
EndGlobal
